// !$*UTF8*$!
{
	archiveVersion = 1;
	classes = {
	};
	objectVersion = 46;
	objects = {

/* Begin PBXBuildFile section */
		F3554C621C3D6A4B00C9F221 /* main.m in Sources */ = {isa = PBXBuildFile; fileRef = F3554C611C3D6A4B00C9F221 /* main.m */; };
		F3554C651C3D6A4B00C9F221 /* AppDelegate.m in Sources */ = {isa = PBXBuildFile; fileRef = F3554C641C3D6A4B00C9F221 /* AppDelegate.m */; };
		F3554C681C3D6A4B00C9F221 /* ViewController.m in Sources */ = {isa = PBXBuildFile; fileRef = F3554C671C3D6A4B00C9F221 /* ViewController.m */; };
		F3554C6B1C3D6A4B00C9F221 /* Main.storyboard in Resources */ = {isa = PBXBuildFile; fileRef = F3554C691C3D6A4B00C9F221 /* Main.storyboard */; };
		F3554C6E1C3D6A4B00C9F221 /* CoreData.xcdatamodeld in Sources */ = {isa = PBXBuildFile; fileRef = F3554C6C1C3D6A4B00C9F221 /* CoreData.xcdatamodeld */; };
		F3554C701C3D6A4B00C9F221 /* Assets.xcassets in Resources */ = {isa = PBXBuildFile; fileRef = F3554C6F1C3D6A4B00C9F221 /* Assets.xcassets */; };
		F3554C731C3D6A4B00C9F221 /* LaunchScreen.storyboard in Resources */ = {isa = PBXBuildFile; fileRef = F3554C711C3D6A4B00C9F221 /* LaunchScreen.storyboard */; };
		F3554C7E1C3D6A4B00C9F221 /* CoreDataTests.m in Sources */ = {isa = PBXBuildFile; fileRef = F3554C7D1C3D6A4B00C9F221 /* CoreDataTests.m */; };
		F3554C891C3D6A4B00C9F221 /* CoreDataUITests.m in Sources */ = {isa = PBXBuildFile; fileRef = F3554C881C3D6A4B00C9F221 /* CoreDataUITests.m */; };
		F3554C9A1C3D6B7D00C9F221 /* CoreDataStack.m in Sources */ = {isa = PBXBuildFile; fileRef = F3554C991C3D6B7D00C9F221 /* CoreDataStack.m */; };
		F3554C9B1C3D6C1600C9F221 /* CoreData.framework in Frameworks */ = {isa = PBXBuildFile; fileRef = F3554C961C3D6A9900C9F221 /* CoreData.framework */; };
		F35F6EA91C3ED3DA0034E4A0 /* TableViewController.m in Sources */ = {isa = PBXBuildFile; fileRef = F35F6EA81C3ED3DA0034E4A0 /* TableViewController.m */; };
		F35F6EAE1C3ED4E40034E4A0 /* Entity+CoreDataProperties.m in Sources */ = {isa = PBXBuildFile; fileRef = F35F6EAB1C3ED4E40034E4A0 /* Entity+CoreDataProperties.m */; };
		F35F6EAF1C3ED4E40034E4A0 /* Entity.m in Sources */ = {isa = PBXBuildFile; fileRef = F35F6EAD1C3ED4E40034E4A0 /* Entity.m */; };
/* End PBXBuildFile section */

/* Begin PBXContainerItemProxy section */
		F3554C7A1C3D6A4B00C9F221 /* PBXContainerItemProxy */ = {
			isa = PBXContainerItemProxy;
			containerPortal = F3554C551C3D6A4B00C9F221 /* Project object */;
			proxyType = 1;
			remoteGlobalIDString = F3554C5C1C3D6A4B00C9F221;
			remoteInfo = CoreData;
		};
		F3554C851C3D6A4B00C9F221 /* PBXContainerItemProxy */ = {
			isa = PBXContainerItemProxy;
			containerPortal = F3554C551C3D6A4B00C9F221 /* Project object */;
			proxyType = 1;
			remoteGlobalIDString = F3554C5C1C3D6A4B00C9F221;
			remoteInfo = CoreData;
		};
/* End PBXContainerItemProxy section */

/* Begin PBXFileReference section */
		F3554C5D1C3D6A4B00C9F221 /* CoreData.app */ = {isa = PBXFileReference; explicitFileType = wrapper.application; includeInIndex = 0; path = CoreData.app; sourceTree = BUILT_PRODUCTS_DIR; };
		F3554C611C3D6A4B00C9F221 /* main.m */ = {isa = PBXFileReference; lastKnownFileType = sourcecode.c.objc; path = main.m; sourceTree = "<group>"; };
		F3554C631C3D6A4B00C9F221 /* AppDelegate.h */ = {isa = PBXFileReference; lastKnownFileType = sourcecode.c.h; path = AppDelegate.h; sourceTree = "<group>"; };
		F3554C641C3D6A4B00C9F221 /* AppDelegate.m */ = {isa = PBXFileReference; lastKnownFileType = sourcecode.c.objc; path = AppDelegate.m; sourceTree = "<group>"; };
		F3554C661C3D6A4B00C9F221 /* ViewController.h */ = {isa = PBXFileReference; lastKnownFileType = sourcecode.c.h; path = ViewController.h; sourceTree = "<group>"; };
		F3554C671C3D6A4B00C9F221 /* ViewController.m */ = {isa = PBXFileReference; lastKnownFileType = sourcecode.c.objc; path = ViewController.m; sourceTree = "<group>"; };
		F3554C6A1C3D6A4B00C9F221 /* Base */ = {isa = PBXFileReference; lastKnownFileType = file.storyboard; name = Base; path = Base.lproj/Main.storyboard; sourceTree = "<group>"; };
		F3554C6D1C3D6A4B00C9F221 /* CoreData.xcdatamodel */ = {isa = PBXFileReference; lastKnownFileType = wrapper.xcdatamodel; path = CoreData.xcdatamodel; sourceTree = "<group>"; };
		F3554C6F1C3D6A4B00C9F221 /* Assets.xcassets */ = {isa = PBXFileReference; lastKnownFileType = folder.assetcatalog; path = Assets.xcassets; sourceTree = "<group>"; };
		F3554C721C3D6A4B00C9F221 /* Base */ = {isa = PBXFileReference; lastKnownFileType = file.storyboard; name = Base; path = Base.lproj/LaunchScreen.storyboard; sourceTree = "<group>"; };
		F3554C741C3D6A4B00C9F221 /* Info.plist */ = {isa = PBXFileReference; lastKnownFileType = text.plist.xml; path = Info.plist; sourceTree = "<group>"; };
		F3554C791C3D6A4B00C9F221 /* CoreDataTests.xctest */ = {isa = PBXFileReference; explicitFileType = wrapper.cfbundle; includeInIndex = 0; path = CoreDataTests.xctest; sourceTree = BUILT_PRODUCTS_DIR; };
		F3554C7D1C3D6A4B00C9F221 /* CoreDataTests.m */ = {isa = PBXFileReference; lastKnownFileType = sourcecode.c.objc; path = CoreDataTests.m; sourceTree = "<group>"; };
		F3554C7F1C3D6A4B00C9F221 /* Info.plist */ = {isa = PBXFileReference; lastKnownFileType = text.plist.xml; path = Info.plist; sourceTree = "<group>"; };
		F3554C841C3D6A4B00C9F221 /* CoreDataUITests.xctest */ = {isa = PBXFileReference; explicitFileType = wrapper.cfbundle; includeInIndex = 0; path = CoreDataUITests.xctest; sourceTree = BUILT_PRODUCTS_DIR; };
		F3554C881C3D6A4B00C9F221 /* CoreDataUITests.m */ = {isa = PBXFileReference; lastKnownFileType = sourcecode.c.objc; path = CoreDataUITests.m; sourceTree = "<group>"; };
		F3554C8A1C3D6A4B00C9F221 /* Info.plist */ = {isa = PBXFileReference; lastKnownFileType = text.plist.xml; path = Info.plist; sourceTree = "<group>"; };
		F3554C961C3D6A9900C9F221 /* CoreData.framework */ = {isa = PBXFileReference; lastKnownFileType = wrapper.framework; name = CoreData.framework; path = System/Library/Frameworks/CoreData.framework; sourceTree = SDKROOT; };
		F3554C981C3D6B7D00C9F221 /* CoreDataStack.h */ = {isa = PBXFileReference; fileEncoding = 4; lastKnownFileType = sourcecode.c.h; path = CoreDataStack.h; sourceTree = "<group>"; };
		F3554C991C3D6B7D00C9F221 /* CoreDataStack.m */ = {isa = PBXFileReference; fileEncoding = 4; lastKnownFileType = sourcecode.c.objc; path = CoreDataStack.m; sourceTree = "<group>"; };
		F35F6EA71C3ED3DA0034E4A0 /* TableViewController.h */ = {isa = PBXFileReference; fileEncoding = 4; lastKnownFileType = sourcecode.c.h; path = TableViewController.h; sourceTree = "<group>"; };
		F35F6EA81C3ED3DA0034E4A0 /* TableViewController.m */ = {isa = PBXFileReference; fileEncoding = 4; lastKnownFileType = sourcecode.c.objc; path = TableViewController.m; sourceTree = "<group>"; };
		F35F6EAA1C3ED4E40034E4A0 /* Entity+CoreDataProperties.h */ = {isa = PBXFileReference; fileEncoding = 4; lastKnownFileType = sourcecode.c.h; path = "Entity+CoreDataProperties.h"; sourceTree = "<group>"; };
		F35F6EAB1C3ED4E40034E4A0 /* Entity+CoreDataProperties.m */ = {isa = PBXFileReference; fileEncoding = 4; lastKnownFileType = sourcecode.c.objc; path = "Entity+CoreDataProperties.m"; sourceTree = "<group>"; };
		F35F6EAC1C3ED4E40034E4A0 /* Entity.h */ = {isa = PBXFileReference; fileEncoding = 4; lastKnownFileType = sourcecode.c.h; path = Entity.h; sourceTree = "<group>"; };
		F35F6EAD1C3ED4E40034E4A0 /* Entity.m */ = {isa = PBXFileReference; fileEncoding = 4; lastKnownFileType = sourcecode.c.objc; path = Entity.m; sourceTree = "<group>"; };
/* End PBXFileReference section */

/* Begin PBXFrameworksBuildPhase section */
		F3554C5A1C3D6A4B00C9F221 /* Frameworks */ = {
			isa = PBXFrameworksBuildPhase;
			buildActionMask = 2147483647;
			files = (
				F3554C9B1C3D6C1600C9F221 /* CoreData.framework in Frameworks */,
			);
			runOnlyForDeploymentPostprocessing = 0;
		};
		F3554C761C3D6A4B00C9F221 /* Frameworks */ = {
			isa = PBXFrameworksBuildPhase;
			buildActionMask = 2147483647;
			files = (
			);
			runOnlyForDeploymentPostprocessing = 0;
		};
		F3554C811C3D6A4B00C9F221 /* Frameworks */ = {
			isa = PBXFrameworksBuildPhase;
			buildActionMask = 2147483647;
			files = (
			);
			runOnlyForDeploymentPostprocessing = 0;
		};
/* End PBXFrameworksBuildPhase section */

/* Begin PBXGroup section */
		F3554C541C3D6A4B00C9F221 = {
			isa = PBXGroup;
			children = (
				F35F6EAA1C3ED4E40034E4A0 /* Entity+CoreDataProperties.h */,
				F35F6EAB1C3ED4E40034E4A0 /* Entity+CoreDataProperties.m */,
				F35F6EAC1C3ED4E40034E4A0 /* Entity.h */,
				F35F6EAD1C3ED4E40034E4A0 /* Entity.m */,
				F3554C961C3D6A9900C9F221 /* CoreData.framework */,
				F3554C5F1C3D6A4B00C9F221 /* CoreData */,
				F3554C7C1C3D6A4B00C9F221 /* CoreDataTests */,
				F3554C871C3D6A4B00C9F221 /* CoreDataUITests */,
				F3554C5E1C3D6A4B00C9F221 /* Products */,
			);
			sourceTree = "<group>";
		};
		F3554C5E1C3D6A4B00C9F221 /* Products */ = {
			isa = PBXGroup;
			children = (
				F3554C5D1C3D6A4B00C9F221 /* CoreData.app */,
				F3554C791C3D6A4B00C9F221 /* CoreDataTests.xctest */,
				F3554C841C3D6A4B00C9F221 /* CoreDataUITests.xctest */,
			);
			name = Products;
			sourceTree = "<group>";
		};
		F3554C5F1C3D6A4B00C9F221 /* CoreData */ = {
			isa = PBXGroup;
			children = (
				F3554C631C3D6A4B00C9F221 /* AppDelegate.h */,
				F3554C641C3D6A4B00C9F221 /* AppDelegate.m */,
				F3554C981C3D6B7D00C9F221 /* CoreDataStack.h */,
				F3554C991C3D6B7D00C9F221 /* CoreDataStack.m */,
				F3554C661C3D6A4B00C9F221 /* ViewController.h */,
				F3554C671C3D6A4B00C9F221 /* ViewController.m */,
				F3554C691C3D6A4B00C9F221 /* Main.storyboard */,
				F35F6EA71C3ED3DA0034E4A0 /* TableViewController.h */,
				F35F6EA81C3ED3DA0034E4A0 /* TableViewController.m */,
				F3554C6F1C3D6A4B00C9F221 /* Assets.xcassets */,
				F3554C711C3D6A4B00C9F221 /* LaunchScreen.storyboard */,
				F3554C741C3D6A4B00C9F221 /* Info.plist */,
				F3554C6C1C3D6A4B00C9F221 /* CoreData.xcdatamodeld */,
				F3554C601C3D6A4B00C9F221 /* Supporting Files */,
			);
			path = CoreData;
			sourceTree = "<group>";
		};
		F3554C601C3D6A4B00C9F221 /* Supporting Files */ = {
			isa = PBXGroup;
			children = (
				F3554C611C3D6A4B00C9F221 /* main.m */,
			);
			name = "Supporting Files";
			sourceTree = "<group>";
		};
		F3554C7C1C3D6A4B00C9F221 /* CoreDataTests */ = {
			isa = PBXGroup;
			children = (
				F3554C7D1C3D6A4B00C9F221 /* CoreDataTests.m */,
				F3554C7F1C3D6A4B00C9F221 /* Info.plist */,
			);
			path = CoreDataTests;
			sourceTree = "<group>";
		};
		F3554C871C3D6A4B00C9F221 /* CoreDataUITests */ = {
			isa = PBXGroup;
			children = (
				F3554C881C3D6A4B00C9F221 /* CoreDataUITests.m */,
				F3554C8A1C3D6A4B00C9F221 /* Info.plist */,
			);
			path = CoreDataUITests;
			sourceTree = "<group>";
		};
/* End PBXGroup section */

/* Begin PBXNativeTarget section */
		F3554C5C1C3D6A4B00C9F221 /* CoreData */ = {
			isa = PBXNativeTarget;
			buildConfigurationList = F3554C8D1C3D6A4B00C9F221 /* Build configuration list for PBXNativeTarget "CoreData" */;
			buildPhases = (
				F3554C591C3D6A4B00C9F221 /* Sources */,
				F3554C5A1C3D6A4B00C9F221 /* Frameworks */,
				F3554C5B1C3D6A4B00C9F221 /* Resources */,
			);
			buildRules = (
			);
			dependencies = (
			);
			name = CoreData;
			productName = CoreData;
			productReference = F3554C5D1C3D6A4B00C9F221 /* CoreData.app */;
			productType = "com.apple.product-type.application";
		};
		F3554C781C3D6A4B00C9F221 /* CoreDataTests */ = {
			isa = PBXNativeTarget;
			buildConfigurationList = F3554C901C3D6A4B00C9F221 /* Build configuration list for PBXNativeTarget "CoreDataTests" */;
			buildPhases = (
				F3554C751C3D6A4B00C9F221 /* Sources */,
				F3554C761C3D6A4B00C9F221 /* Frameworks */,
				F3554C771C3D6A4B00C9F221 /* Resources */,
			);
			buildRules = (
			);
			dependencies = (
				F3554C7B1C3D6A4B00C9F221 /* PBXTargetDependency */,
			);
			name = CoreDataTests;
			productName = CoreDataTests;
			productReference = F3554C791C3D6A4B00C9F221 /* CoreDataTests.xctest */;
			productType = "com.apple.product-type.bundle.unit-test";
		};
		F3554C831C3D6A4B00C9F221 /* CoreDataUITests */ = {
			isa = PBXNativeTarget;
			buildConfigurationList = F3554C931C3D6A4B00C9F221 /* Build configuration list for PBXNativeTarget "CoreDataUITests" */;
			buildPhases = (
				F3554C801C3D6A4B00C9F221 /* Sources */,
				F3554C811C3D6A4B00C9F221 /* Frameworks */,
				F3554C821C3D6A4B00C9F221 /* Resources */,
			);
			buildRules = (
			);
			dependencies = (
				F3554C861C3D6A4B00C9F221 /* PBXTargetDependency */,
			);
			name = CoreDataUITests;
			productName = CoreDataUITests;
			productReference = F3554C841C3D6A4B00C9F221 /* CoreDataUITests.xctest */;
			productType = "com.apple.product-type.bundle.ui-testing";
		};
/* End PBXNativeTarget section */

/* Begin PBXProject section */
		F3554C551C3D6A4B00C9F221 /* Project object */ = {
			isa = PBXProject;
			attributes = {
				LastUpgradeCheck = 0720;
				ORGANIZATIONNAME = "Stephen R Printup";
				TargetAttributes = {
					F3554C5C1C3D6A4B00C9F221 = {
						CreatedOnToolsVersion = 7.2;
						DevelopmentTeam = C6C3M952L5;
					};
					F3554C781C3D6A4B00C9F221 = {
						CreatedOnToolsVersion = 7.2;
						DevelopmentTeam = C6C3M952L5;
						TestTargetID = F3554C5C1C3D6A4B00C9F221;
					};
					F3554C831C3D6A4B00C9F221 = {
						CreatedOnToolsVersion = 7.2;
						DevelopmentTeam = C6C3M952L5;
						TestTargetID = F3554C5C1C3D6A4B00C9F221;
					};
				};
			};
			buildConfigurationList = F3554C581C3D6A4B00C9F221 /* Build configuration list for PBXProject "CoreData" */;
			compatibilityVersion = "Xcode 3.2";
			developmentRegion = English;
			hasScannedForEncodings = 0;
			knownRegions = (
				en,
				Base,
			);
			mainGroup = F3554C541C3D6A4B00C9F221;
			productRefGroup = F3554C5E1C3D6A4B00C9F221 /* Products */;
			projectDirPath = "";
			projectRoot = "";
			targets = (
				F3554C5C1C3D6A4B00C9F221 /* CoreData */,
				F3554C781C3D6A4B00C9F221 /* CoreDataTests */,
				F3554C831C3D6A4B00C9F221 /* CoreDataUITests */,
			);
		};
/* End PBXProject section */

/* Begin PBXResourcesBuildPhase section */
		F3554C5B1C3D6A4B00C9F221 /* Resources */ = {
			isa = PBXResourcesBuildPhase;
			buildActionMask = 2147483647;
			files = (
				F3554C731C3D6A4B00C9F221 /* LaunchScreen.storyboard in Resources */,
				F3554C701C3D6A4B00C9F221 /* Assets.xcassets in Resources */,
				F3554C6B1C3D6A4B00C9F221 /* Main.storyboard in Resources */,
			);
			runOnlyForDeploymentPostprocessing = 0;
		};
		F3554C771C3D6A4B00C9F221 /* Resources */ = {
			isa = PBXResourcesBuildPhase;
			buildActionMask = 2147483647;
			files = (
			);
			runOnlyForDeploymentPostprocessing = 0;
		};
		F3554C821C3D6A4B00C9F221 /* Resources */ = {
			isa = PBXResourcesBuildPhase;
			buildActionMask = 2147483647;
			files = (
			);
			runOnlyForDeploymentPostprocessing = 0;
		};
/* End PBXResourcesBuildPhase section */

/* Begin PBXSourcesBuildPhase section */
		F3554C591C3D6A4B00C9F221 /* Sources */ = {
			isa = PBXSourcesBuildPhase;
			buildActionMask = 2147483647;
			files = (
				F35F6EAF1C3ED4E40034E4A0 /* Entity.m in Sources */,
				F3554C9A1C3D6B7D00C9F221 /* CoreDataStack.m in Sources */,
				F35F6EA91C3ED3DA0034E4A0 /* TableViewController.m in Sources */,
				F3554C6E1C3D6A4B00C9F221 /* CoreData.xcdatamodeld in Sources */,
				F3554C681C3D6A4B00C9F221 /* ViewController.m in Sources */,
				F3554C651C3D6A4B00C9F221 /* AppDelegate.m in Sources */,
				F3554C621C3D6A4B00C9F221 /* main.m in Sources */,
				F35F6EAE1C3ED4E40034E4A0 /* Entity+CoreDataProperties.m in Sources */,
			);
			runOnlyForDeploymentPostprocessing = 0;
		};
		F3554C751C3D6A4B00C9F221 /* Sources */ = {
			isa = PBXSourcesBuildPhase;
			buildActionMask = 2147483647;
			files = (
				F3554C7E1C3D6A4B00C9F221 /* CoreDataTests.m in Sources */,
			);
			runOnlyForDeploymentPostprocessing = 0;
		};
		F3554C801C3D6A4B00C9F221 /* Sources */ = {
			isa = PBXSourcesBuildPhase;
			buildActionMask = 2147483647;
			files = (
				F3554C891C3D6A4B00C9F221 /* CoreDataUITests.m in Sources */,
			);
			runOnlyForDeploymentPostprocessing = 0;
		};
/* End PBXSourcesBuildPhase section */

/* Begin PBXTargetDependency section */
		F3554C7B1C3D6A4B00C9F221 /* PBXTargetDependency */ = {
			isa = PBXTargetDependency;
			target = F3554C5C1C3D6A4B00C9F221 /* CoreData */;
			targetProxy = F3554C7A1C3D6A4B00C9F221 /* PBXContainerItemProxy */;
		};
		F3554C861C3D6A4B00C9F221 /* PBXTargetDependency */ = {
			isa = PBXTargetDependency;
			target = F3554C5C1C3D6A4B00C9F221 /* CoreData */;
			targetProxy = F3554C851C3D6A4B00C9F221 /* PBXContainerItemProxy */;
		};
/* End PBXTargetDependency section */

/* Begin PBXVariantGroup section */
		F3554C691C3D6A4B00C9F221 /* Main.storyboard */ = {
			isa = PBXVariantGroup;
			children = (
				F3554C6A1C3D6A4B00C9F221 /* Base */,
			);
			name = Main.storyboard;
			sourceTree = "<group>";
		};
		F3554C711C3D6A4B00C9F221 /* LaunchScreen.storyboard */ = {
			isa = PBXVariantGroup;
			children = (
				F3554C721C3D6A4B00C9F221 /* Base */,
			);
			name = LaunchScreen.storyboard;
			sourceTree = "<group>";
		};
/* End PBXVariantGroup section */

/* Begin XCBuildConfiguration section */
		F3554C8B1C3D6A4B00C9F221 /* Debug */ = {
			isa = XCBuildConfiguration;
			buildSettings = {
				ALWAYS_SEARCH_USER_PATHS = NO;
				CLANG_CXX_LANGUAGE_STANDARD = "gnu++0x";
				CLANG_CXX_LIBRARY = "libc++";
				CLANG_ENABLE_MODULES = YES;
				CLANG_ENABLE_OBJC_ARC = YES;
				CLANG_WARN_BOOL_CONVERSION = YES;
				CLANG_WARN_CONSTANT_CONVERSION = YES;
				CLANG_WARN_DIRECT_OBJC_ISA_USAGE = YES_ERROR;
				CLANG_WARN_EMPTY_BODY = YES;
				CLANG_WARN_ENUM_CONVERSION = YES;
				CLANG_WARN_INT_CONVERSION = YES;
				CLANG_WARN_OBJC_ROOT_CLASS = YES_ERROR;
				CLANG_WARN_UNREACHABLE_CODE = YES;
				CLANG_WARN__DUPLICATE_METHOD_MATCH = YES;
				"CODE_SIGN_IDENTITY[sdk=iphoneos*]" = "iPhone Developer";
				COPY_PHASE_STRIP = NO;
				DEBUG_INFORMATION_FORMAT = dwarf;
				ENABLE_STRICT_OBJC_MSGSEND = YES;
				ENABLE_TESTABILITY = YES;
				GCC_C_LANGUAGE_STANDARD = gnu99;
				GCC_DYNAMIC_NO_PIC = NO;
				GCC_NO_COMMON_BLOCKS = YES;
				GCC_OPTIMIZATION_LEVEL = 0;
				GCC_PREPROCESSOR_DEFINITIONS = (
					"DEBUG=1",
					"$(inherited)",
				);
				GCC_WARN_64_TO_32_BIT_CONVERSION = YES;
				GCC_WARN_ABOUT_RETURN_TYPE = YES_ERROR;
				GCC_WARN_UNDECLARED_SELECTOR = YES;
				GCC_WARN_UNINITIALIZED_AUTOS = YES_AGGRESSIVE;
				GCC_WARN_UNUSED_FUNCTION = YES;
				GCC_WARN_UNUSED_VARIABLE = YES;
				IPHONEOS_DEPLOYMENT_TARGET = 9.2;
				MTL_ENABLE_DEBUG_INFO = YES;
				ONLY_ACTIVE_ARCH = YES;
				SDKROOT = iphoneos;
			};
			name = Debug;
		};
		F3554C8C1C3D6A4B00C9F221 /* Release */ = {
			isa = XCBuildConfiguration;
			buildSettings = {
				ALWAYS_SEARCH_USER_PATHS = NO;
				CLANG_CXX_LANGUAGE_STANDARD = "gnu++0x";
				CLANG_CXX_LIBRARY = "libc++";
				CLANG_ENABLE_MODULES = YES;
				CLANG_ENABLE_OBJC_ARC = YES;
				CLANG_WARN_BOOL_CONVERSION = YES;
				CLANG_WARN_CONSTANT_CONVERSION = YES;
				CLANG_WARN_DIRECT_OBJC_ISA_USAGE = YES_ERROR;
				CLANG_WARN_EMPTY_BODY = YES;
				CLANG_WARN_ENUM_CONVERSION = YES;
				CLANG_WARN_INT_CONVERSION = YES;
				CLANG_WARN_OBJC_ROOT_CLASS = YES_ERROR;
				CLANG_WARN_UNREACHABLE_CODE = YES;
				CLANG_WARN__DUPLICATE_METHOD_MATCH = YES;
				"CODE_SIGN_IDENTITY[sdk=iphoneos*]" = "iPhone Developer";
				COPY_PHASE_STRIP = NO;
				DEBUG_INFORMATION_FORMAT = "dwarf-with-dsym";
				ENABLE_NS_ASSERTIONS = NO;
				ENABLE_STRICT_OBJC_MSGSEND = YES;
				GCC_C_LANGUAGE_STANDARD = gnu99;
				GCC_NO_COMMON_BLOCKS = YES;
				GCC_WARN_64_TO_32_BIT_CONVERSION = YES;
				GCC_WARN_ABOUT_RETURN_TYPE = YES_ERROR;
				GCC_WARN_UNDECLARED_SELECTOR = YES;
				GCC_WARN_UNINITIALIZED_AUTOS = YES_AGGRESSIVE;
				GCC_WARN_UNUSED_FUNCTION = YES;
				GCC_WARN_UNUSED_VARIABLE = YES;
				IPHONEOS_DEPLOYMENT_TARGET = 9.2;
				MTL_ENABLE_DEBUG_INFO = NO;
				SDKROOT = iphoneos;
				VALIDATE_PRODUCT = YES;
			};
			name = Release;
		};
		F3554C8E1C3D6A4B00C9F221 /* Debug */ = {
			isa = XCBuildConfiguration;
			buildSettings = {
				ASSETCATALOG_COMPILER_APPICON_NAME = AppIcon;
				INFOPLIST_FILE = CoreData/Info.plist;
				LD_RUNPATH_SEARCH_PATHS = "$(inherited) @executable_path/Frameworks";
				PRODUCT_BUNDLE_IDENTIFIER = com.stephenprintup.CoreData;
				PRODUCT_NAME = "$(TARGET_NAME)";
			};
			name = Debug;
		};
		F3554C8F1C3D6A4B00C9F221 /* Release */ = {
			isa = XCBuildConfiguration;
			buildSettings = {
				ASSETCATALOG_COMPILER_APPICON_NAME = AppIcon;
				INFOPLIST_FILE = CoreData/Info.plist;
				LD_RUNPATH_SEARCH_PATHS = "$(inherited) @executable_path/Frameworks";
				PRODUCT_BUNDLE_IDENTIFIER = com.stephenprintup.CoreData;
				PRODUCT_NAME = "$(TARGET_NAME)";
			};
			name = Release;
		};
		F3554C911C3D6A4B00C9F221 /* Debug */ = {
			isa = XCBuildConfiguration;
			buildSettings = {
				BUNDLE_LOADER = "$(TEST_HOST)";
				INFOPLIST_FILE = CoreDataTests/Info.plist;
				LD_RUNPATH_SEARCH_PATHS = "$(inherited) @executable_path/Frameworks @loader_path/Frameworks";
				PRODUCT_BUNDLE_IDENTIFIER = com.stephenprintup.CoreDataTests;
				PRODUCT_NAME = "$(TARGET_NAME)";
				TEST_HOST = "$(BUILT_PRODUCTS_DIR)/CoreData.app/CoreData";
			};
			name = Debug;
		};
		F3554C921C3D6A4B00C9F221 /* Release */ = {
			isa = XCBuildConfiguration;
			buildSettings = {
				BUNDLE_LOADER = "$(TEST_HOST)";
				INFOPLIST_FILE = CoreDataTests/Info.plist;
				LD_RUNPATH_SEARCH_PATHS = "$(inherited) @executable_path/Frameworks @loader_path/Frameworks";
				PRODUCT_BUNDLE_IDENTIFIER = com.stephenprintup.CoreDataTests;
				PRODUCT_NAME = "$(TARGET_NAME)";
				TEST_HOST = "$(BUILT_PRODUCTS_DIR)/CoreData.app/CoreData";
			};
			name = Release;
		};
		F3554C941C3D6A4B00C9F221 /* Debug */ = {
			isa = XCBuildConfiguration;
			buildSettings = {
				INFOPLIST_FILE = CoreDataUITests/Info.plist;
				LD_RUNPATH_SEARCH_PATHS = "$(inherited) @executable_path/Frameworks @loader_path/Frameworks";
				PRODUCT_BUNDLE_IDENTIFIER = com.stephenprintup.CoreDataUITests;
				PRODUCT_NAME = "$(TARGET_NAME)";
				TEST_TARGET_NAME = CoreData;
				USES_XCTRUNNER = YES;
			};
			name = Debug;
		};
		F3554C951C3D6A4B00C9F221 /* Release */ = {
			isa = XCBuildConfiguration;
			buildSettings = {
				INFOPLIST_FILE = CoreDataUITests/Info.plist;
				LD_RUNPATH_SEARCH_PATHS = "$(inherited) @executable_path/Frameworks @loader_path/Frameworks";
				PRODUCT_BUNDLE_IDENTIFIER = com.stephenprintup.CoreDataUITests;
				PRODUCT_NAME = "$(TARGET_NAME)";
				TEST_TARGET_NAME = CoreData;
				USES_XCTRUNNER = YES;
			};
			name = Release;
		};
/* End XCBuildConfiguration section */

/* Begin XCConfigurationList section */
		F3554C581C3D6A4B00C9F221 /* Build configuration list for PBXProject "CoreData" */ = {
			isa = XCConfigurationList;
			buildConfigurations = (
				F3554C8B1C3D6A4B00C9F221 /* Debug */,
				F3554C8C1C3D6A4B00C9F221 /* Release */,
			);
			defaultConfigurationIsVisible = 0;
			defaultConfigurationName = Release;
		};
		F3554C8D1C3D6A4B00C9F221 /* Build configuration list for PBXNativeTarget "CoreData" */ = {
			isa = XCConfigurationList;
			buildConfigurations = (
				F3554C8E1C3D6A4B00C9F221 /* Debug */,
				F3554C8F1C3D6A4B00C9F221 /* Release */,
			);
			defaultConfigurationIsVisible = 0;
			defaultConfigurationName = Release;
		};
		F3554C901C3D6A4B00C9F221 /* Build configuration list for PBXNativeTarget "CoreDataTests" */ = {
			isa = XCConfigurationList;
			buildConfigurations = (
				F3554C911C3D6A4B00C9F221 /* Debug */,
				F3554C921C3D6A4B00C9F221 /* Release */,
			);
			defaultConfigurationIsVisible = 0;
			defaultConfigurationName = Release;
		};
		F3554C931C3D6A4B00C9F221 /* Build configuration list for PBXNativeTarget "CoreDataUITests" */ = {
			isa = XCConfigurationList;
			buildConfigurations = (
				F3554C941C3D6A4B00C9F221 /* Debug */,
				F3554C951C3D6A4B00C9F221 /* Release */,
			);
			defaultConfigurationIsVisible = 0;
			defaultConfigurationName = Release;
		};
/* End XCConfigurationList section */

/* Begin XCVersionGroup section */
		F3554C6C1C3D6A4B00C9F221 /* CoreData.xcdatamodeld */ = {
			isa = XCVersionGroup;
			children = (
				F3554C6D1C3D6A4B00C9F221 /* CoreData.xcdatamodel */,
			);
			currentVersion = F3554C6D1C3D6A4B00C9F221 /* CoreData.xcdatamodel */;
			path = CoreData.xcdatamodeld;
			sourceTree = "<group>";
			versionGroupType = wrapper.xcdatamodel;
		};
/* End XCVersionGroup section */
	};
	rootObject = F3554C551C3D6A4B00C9F221 /* Project object */;
}
